
Microsoft Visual Studio Solution File, Format Version 12.00
# Visual Studio 14
VisualStudioVersion = 14.0.25420.1
MinimumVisualStudioVersion = 10.0.40219.1
Project("{8BC9CEB8-8B4A-11D0-8D11-00A0C91BC942}") = "basicAlgorithms", "libraries\basicAlgorithms\basicAlgorithms.vcxproj", "{05E9808B-83D9-42DC-82D0-DBF724788ECF}"
	ProjectSection(ProjectDependencies) = postProject
		{FAAC50F8-5354-47AA-B556-DD1BFB994D1F} = {FAAC50F8-5354-47AA-B556-DD1BFB994D1F}
	EndProjectSection
EndProject
Project("{8BC9CEB8-8B4A-11D0-8D11-00A0C91BC942}") = "animationHelper", "libraries\animationHelper\animationHelper.vcxproj", "{FC3DB108-4F5E-4778-BC9B-45C60FAACD53}"
EndProject
Project("{8BC9CEB8-8B4A-11D0-8D11-00A0C91BC942}") = "camera", "libraries\camera\camera.vcxproj", "{A3C67671-673B-4C5C-9D7D-779387EB4E78}"
EndProject
Project("{8BC9CEB8-8B4A-11D0-8D11-00A0C91BC942}") = "clothBW", "libraries\clothBW\clothBW.vcxproj", "{38F8A4A9-60F3-4C36-B07E-051D3139F546}"
EndProject
Project("{8BC9CEB8-8B4A-11D0-8D11-00A0C91BC942}") = "configFile", "libraries\configFile\configFile.vcxproj", "{788554BA-3DCF-43BB-804B-E7C06719FD93}"
EndProject
Project("{8BC9CEB8-8B4A-11D0-8D11-00A0C91BC942}") = "constrainedDOFs", "libraries\constrainedDOFs\constrainedDOFs.vcxproj", "{C345C942-3F8C-4552-B953-31B85C06F6CD}"
EndProject
Project("{8BC9CEB8-8B4A-11D0-8D11-00A0C91BC942}") = "corotationalLinearFEM", "libraries\corotationalLinearFEM\corotationalLinearFEM.vcxproj", "{77EF3AED-CA4B-4DFB-93BB-558F677B2B14}"
EndProject
Project("{8BC9CEB8-8B4A-11D0-8D11-00A0C91BC942}") = "distanceField", "libraries\distanceField\distanceField.vcxproj", "{A5D43704-8284-4D8C-8808-622D3C0F284C}"
EndProject
Project("{2150E333-8FDC-42A3-9474-1A3956D46DE8}") = "libraries", "libraries", "{3AF59C8A-18A6-44A4-B031-7B496493C8BC}"
EndProject
Project("{8BC9CEB8-8B4A-11D0-8D11-00A0C91BC942}") = "forceModel", "libraries\forceModel\forceModel.vcxproj", "{AC1AAA48-16F1-41B6-AEFB-21CACB11057E}"
EndProject
Project("{8BC9CEB8-8B4A-11D0-8D11-00A0C91BC942}") = "getopts", "libraries\getopts\getopts.vcxproj", "{6539503C-2F71-417C-9478-EF96235A2987}"
EndProject
Project("{8BC9CEB8-8B4A-11D0-8D11-00A0C91BC942}") = "glslPhong", "libraries\glslPhong\glslPhong.vcxproj", "{5FE64071-4FBA-4BC5-9CE3-19723ECB4118}"
EndProject
Project("{8BC9CEB8-8B4A-11D0-8D11-00A0C91BC942}") = "graph", "libraries\graph\graph.vcxproj", "{72CCA7C0-6FDD-49AE-8EF8-A2585E232B41}"
EndProject
Project("{8BC9CEB8-8B4A-11D0-8D11-00A0C91BC942}") = "hashTable", "libraries\hashTable\hashTable.vcxproj", "{5BDD3176-7492-4FAC-A17D-99B87C2D3565}"
EndProject
Project("{8BC9CEB8-8B4A-11D0-8D11-00A0C91BC942}") = "imageIO", "libraries\imageIO\imageIO.vcxproj", "{709EE0B2-BD2D-4C47-9F6A-339EF8F02AC2}"
EndProject
Project("{8BC9CEB8-8B4A-11D0-8D11-00A0C91BC942}") = "integrator", "libraries\integrator\integrator.vcxproj", "{AF2D9A67-D8EA-44B0-BFDE-A1D17A8EF8BA}"
EndProject
Project("{8BC9CEB8-8B4A-11D0-8D11-00A0C91BC942}") = "integratorSparse", "libraries\integratorSparse\integratorSparse.vcxproj", "{E4287BDA-1B24-4DFA-A4EE-7B78D1CD4C61}"
EndProject
Project("{8BC9CEB8-8B4A-11D0-8D11-00A0C91BC942}") = "interpolationCoordinates", "libraries\interpolationCoordinates\interpolationCoordinates.vcxproj", "{4D83A86C-79FF-4487-8631-808A2A373286}"
EndProject
Project("{8BC9CEB8-8B4A-11D0-8D11-00A0C91BC942}") = "isotropicHyperelasticFEM", "libraries\isotropicHyperelasticFEM\isotropicHyperelasticFEM.vcxproj", "{DDB74DB4-BC9A-4DAA-9842-CDE3912836FF}"
EndProject
Project("{8BC9CEB8-8B4A-11D0-8D11-00A0C91BC942}") = "lighting", "libraries\lighting\lighting.vcxproj", "{EFB2ACFD-A615-4FBD-9B55-8B0F29F64960}"
EndProject
Project("{8BC9CEB8-8B4A-11D0-8D11-00A0C91BC942}") = "listIO", "libraries\listIO\listIO.vcxproj", "{19E191C9-FA41-4D2B-B20B-C2138BACE099}"
EndProject
Project("{8BC9CEB8-8B4A-11D0-8D11-00A0C91BC942}") = "massSpringSystem", "libraries\massSpringSystem\massSpringSystem.vcxproj", "{8645B043-9650-4D1C-94E4-3641E4767F66}"
EndProject
Project("{8BC9CEB8-8B4A-11D0-8D11-00A0C91BC942}") = "matrixIO", "libraries\matrixIO\matrixIO.vcxproj", "{62C16A9F-9D91-4FC4-8028-0775AD0A9AB0}"
EndProject
Project("{8BC9CEB8-8B4A-11D0-8D11-00A0C91BC942}") = "mesh", "libraries\mesh\mesh.vcxproj", "{83603987-0B95-4440-8371-649717DAD6F6}"
EndProject
Project("{8BC9CEB8-8B4A-11D0-8D11-00A0C91BC942}") = "mesher", "libraries\mesher\mesher.vcxproj", "{DF1515D5-1AD1-44C8-870F-99B67BD4AC78}"
EndProject
Project("{8BC9CEB8-8B4A-11D0-8D11-00A0C91BC942}") = "minivector", "libraries\minivector\minivector.vcxproj", "{C458C3DE-2732-4252-BDD9-615AC3F8727B}"
EndProject
Project("{8BC9CEB8-8B4A-11D0-8D11-00A0C91BC942}") = "objMesh", "libraries\objMesh\objMesh.vcxproj", "{C92E73E2-EFC9-44BF-B747-C50CB4EEC02A}"
EndProject
Project("{8BC9CEB8-8B4A-11D0-8D11-00A0C91BC942}") = "openGLHelper", "libraries\openGLHelper\openGLHelper.vcxproj", "{24E97226-B246-4EE1-B2F2-A9C42DBF2307}"
EndProject
Project("{8BC9CEB8-8B4A-11D0-8D11-00A0C91BC942}") = "performanceCounter", "libraries\performanceCounter\performanceCounter.vcxproj", "{94C169F9-606C-435C-B163-612CAE34CF24}"
EndProject
Project("{8BC9CEB8-8B4A-11D0-8D11-00A0C91BC942}") = "polarDecomposition", "libraries\polarDecomposition\polarDecomposition.vcxproj", "{11618AE1-00C2-4402-BD9C-BCCD7E99A456}"
EndProject
Project("{8BC9CEB8-8B4A-11D0-8D11-00A0C91BC942}") = "quaternion", "libraries\quaternion\quaternion.vcxproj", "{A9442D9D-83DC-4E4B-8EAB-484EC2EA7269}"
EndProject
Project("{8BC9CEB8-8B4A-11D0-8D11-00A0C91BC942}") = "renderVolumetricMesh", "libraries\renderVolumetricMesh\renderVolumetricMesh.vcxproj", "{4A099303-A03B-4F6B-8648-B2A7927EA2E0}"
EndProject
Project("{8BC9CEB8-8B4A-11D0-8D11-00A0C91BC942}") = "rigidBodyDynamics", "libraries\rigidBodyDynamics\rigidBodyDynamics.vcxproj", "{195234E6-B84C-4728-8852-A67B3A562827}"
EndProject
Project("{8BC9CEB8-8B4A-11D0-8D11-00A0C91BC942}") = "sceneObject", "libraries\sceneObject\sceneObject.vcxproj", "{3268754A-A6F3-442A-A5FB-E51952DBCFC6}"
EndProject
Project("{8BC9CEB8-8B4A-11D0-8D11-00A0C91BC942}") = "sparseMatrix", "libraries\sparseMatrix\sparseMatrix.vcxproj", "{F11E5C6D-25C1-4ACD-A470-8D5F9CBE7A14}"
EndProject
Project("{8BC9CEB8-8B4A-11D0-8D11-00A0C91BC942}") = "sparseSolver", "libraries\sparseSolver\sparseSolver.vcxproj", "{BA72BD5E-45EB-4EEC-9CA3-E7CA3C476105}"
EndProject
Project("{8BC9CEB8-8B4A-11D0-8D11-00A0C91BC942}") = "stvk", "libraries\stvk\stvk.vcxproj", "{7086002D-617F-416B-A1AB-844CA45DB116}"
EndProject
Project("{8BC9CEB8-8B4A-11D0-8D11-00A0C91BC942}") = "volumetricMesh", "libraries\volumetricMesh\volumetricMesh.vcxproj", "{D725B94B-2015-4BD6-976D-E087887ECC22}"
EndProject
Project("{8BC9CEB8-8B4A-11D0-8D11-00A0C91BC942}") = "windingNumber", "libraries\windingNumber\windingNumber.vcxproj", "{0D9C3221-CA71-4AE2-A0D3-00C09D7FB4A5}"
EndProject
Project("{8BC9CEB8-8B4A-11D0-8D11-00A0C91BC942}") = "clothBW-rt", "utilities\clothBW-rt\clothBW-rt.vcxproj", "{FD93A162-DB6D-4F01-87E8-76FA3B6EA342}"
	ProjectSection(ProjectDependencies) = postProject
		{24E97226-B246-4EE1-B2F2-A9C42DBF2307} = {24E97226-B246-4EE1-B2F2-A9C42DBF2307}
		{6539503C-2F71-417C-9478-EF96235A2987} = {6539503C-2F71-417C-9478-EF96235A2987}
		{C345C942-3F8C-4552-B953-31B85C06F6CD} = {C345C942-3F8C-4552-B953-31B85C06F6CD}
		{AC1AAA48-16F1-41B6-AEFB-21CACB11057E} = {AC1AAA48-16F1-41B6-AEFB-21CACB11057E}
		{3268754A-A6F3-442A-A5FB-E51952DBCFC6} = {3268754A-A6F3-442A-A5FB-E51952DBCFC6}
		{D725B94B-2015-4BD6-976D-E087887ECC22} = {D725B94B-2015-4BD6-976D-E087887ECC22}
		{BA72BD5E-45EB-4EEC-9CA3-E7CA3C476105} = {BA72BD5E-45EB-4EEC-9CA3-E7CA3C476105}
		{AF2D9A67-D8EA-44B0-BFDE-A1D17A8EF8BA} = {AF2D9A67-D8EA-44B0-BFDE-A1D17A8EF8BA}
		{F11E5C6D-25C1-4ACD-A470-8D5F9CBE7A14} = {F11E5C6D-25C1-4ACD-A470-8D5F9CBE7A14}
		{A3C67671-673B-4C5C-9D7D-779387EB4E78} = {A3C67671-673B-4C5C-9D7D-779387EB4E78}
		{05E9808B-83D9-42DC-82D0-DBF724788ECF} = {05E9808B-83D9-42DC-82D0-DBF724788ECF}
		{38F8A4A9-60F3-4C36-B07E-051D3139F546} = {38F8A4A9-60F3-4C36-B07E-051D3139F546}
		{709EE0B2-BD2D-4C47-9F6A-339EF8F02AC2} = {709EE0B2-BD2D-4C47-9F6A-339EF8F02AC2}
		{788554BA-3DCF-43BB-804B-E7C06719FD93} = {788554BA-3DCF-43BB-804B-E7C06719FD93}
		{19E191C9-FA41-4D2B-B20B-C2138BACE099} = {19E191C9-FA41-4D2B-B20B-C2138BACE099}
		{E4287BDA-1B24-4DFA-A4EE-7B78D1CD4C61} = {E4287BDA-1B24-4DFA-A4EE-7B78D1CD4C61}
		{C458C3DE-2732-4252-BDD9-615AC3F8727B} = {C458C3DE-2732-4252-BDD9-615AC3F8727B}
		{C92E73E2-EFC9-44BF-B747-C50CB4EEC02A} = {C92E73E2-EFC9-44BF-B747-C50CB4EEC02A}
		{94C169F9-606C-435C-B163-612CAE34CF24} = {94C169F9-606C-435C-B163-612CAE34CF24}
		{EFB2ACFD-A615-4FBD-9B55-8B0F29F64960} = {EFB2ACFD-A615-4FBD-9B55-8B0F29F64960}
	EndProjectSection
EndProject
Project("{2150E333-8FDC-42A3-9474-1A3956D46DE8}") = "utilities", "utilities", "{80A490F9-B062-4D56-BE90-1C62B0DF0424}"
EndProject
Project("{8BC9CEB8-8B4A-11D0-8D11-00A0C91BC942}") = "interactiveDeformableSimulator", "utilities\interactiveDeformableSimulator\interactiveDeformableSimulator.vcxproj", "{D90D415A-889C-4AAF-B4BA-BC203C5EC938}"
	ProjectSection(ProjectDependencies) = postProject
		{24E97226-B246-4EE1-B2F2-A9C42DBF2307} = {24E97226-B246-4EE1-B2F2-A9C42DBF2307}
		{7086002D-617F-416B-A1AB-844CA45DB116} = {7086002D-617F-416B-A1AB-844CA45DB116}
		{6539503C-2F71-417C-9478-EF96235A2987} = {6539503C-2F71-417C-9478-EF96235A2987}
		{C345C942-3F8C-4552-B953-31B85C06F6CD} = {C345C942-3F8C-4552-B953-31B85C06F6CD}
		{8645B043-9650-4D1C-94E4-3641E4767F66} = {8645B043-9650-4D1C-94E4-3641E4767F66}
		{AC1AAA48-16F1-41B6-AEFB-21CACB11057E} = {AC1AAA48-16F1-41B6-AEFB-21CACB11057E}
		{3268754A-A6F3-442A-A5FB-E51952DBCFC6} = {3268754A-A6F3-442A-A5FB-E51952DBCFC6}
		{D725B94B-2015-4BD6-976D-E087887ECC22} = {D725B94B-2015-4BD6-976D-E087887ECC22}
		{BA72BD5E-45EB-4EEC-9CA3-E7CA3C476105} = {BA72BD5E-45EB-4EEC-9CA3-E7CA3C476105}
		{AF2D9A67-D8EA-44B0-BFDE-A1D17A8EF8BA} = {AF2D9A67-D8EA-44B0-BFDE-A1D17A8EF8BA}
		{F11E5C6D-25C1-4ACD-A470-8D5F9CBE7A14} = {F11E5C6D-25C1-4ACD-A470-8D5F9CBE7A14}
		{A3C67671-673B-4C5C-9D7D-779387EB4E78} = {A3C67671-673B-4C5C-9D7D-779387EB4E78}
		{83603987-0B95-4440-8371-649717DAD6F6} = {83603987-0B95-4440-8371-649717DAD6F6}
		{05E9808B-83D9-42DC-82D0-DBF724788ECF} = {05E9808B-83D9-42DC-82D0-DBF724788ECF}
		{62C16A9F-9D91-4FC4-8028-0775AD0A9AB0} = {62C16A9F-9D91-4FC4-8028-0775AD0A9AB0}
		{709EE0B2-BD2D-4C47-9F6A-339EF8F02AC2} = {709EE0B2-BD2D-4C47-9F6A-339EF8F02AC2}
		{DDB74DB4-BC9A-4DAA-9842-CDE3912836FF} = {DDB74DB4-BC9A-4DAA-9842-CDE3912836FF}
		{788554BA-3DCF-43BB-804B-E7C06719FD93} = {788554BA-3DCF-43BB-804B-E7C06719FD93}
		{72CCA7C0-6FDD-49AE-8EF8-A2585E232B41} = {72CCA7C0-6FDD-49AE-8EF8-A2585E232B41}
		{19E191C9-FA41-4D2B-B20B-C2138BACE099} = {19E191C9-FA41-4D2B-B20B-C2138BACE099}
		{E4287BDA-1B24-4DFA-A4EE-7B78D1CD4C61} = {E4287BDA-1B24-4DFA-A4EE-7B78D1CD4C61}
		{C458C3DE-2732-4252-BDD9-615AC3F8727B} = {C458C3DE-2732-4252-BDD9-615AC3F8727B}
		{11618AE1-00C2-4402-BD9C-BCCD7E99A456} = {11618AE1-00C2-4402-BD9C-BCCD7E99A456}
		{C92E73E2-EFC9-44BF-B747-C50CB4EEC02A} = {C92E73E2-EFC9-44BF-B747-C50CB4EEC02A}
		{77EF3AED-CA4B-4DFB-93BB-558F677B2B14} = {77EF3AED-CA4B-4DFB-93BB-558F677B2B14}
		{94C169F9-606C-435C-B163-612CAE34CF24} = {94C169F9-606C-435C-B163-612CAE34CF24}
		{EFB2ACFD-A615-4FBD-9B55-8B0F29F64960} = {EFB2ACFD-A615-4FBD-9B55-8B0F29F64960}
	EndProjectSection
EndProject
Project("{8BC9CEB8-8B4A-11D0-8D11-00A0C91BC942}") = "computeDistanceField", "utilities\computeDistanceField\computeDistanceField.vcxproj", "{126788A8-60FE-450F-9BCB-50F504556FE1}"
	ProjectSection(ProjectDependencies) = postProject
		{A5D43704-8284-4D8C-8808-622D3C0F284C} = {A5D43704-8284-4D8C-8808-622D3C0F284C}
		{6539503C-2F71-417C-9478-EF96235A2987} = {6539503C-2F71-417C-9478-EF96235A2987}
		{C345C942-3F8C-4552-B953-31B85C06F6CD} = {C345C942-3F8C-4552-B953-31B85C06F6CD}
		{F11E5C6D-25C1-4ACD-A470-8D5F9CBE7A14} = {F11E5C6D-25C1-4ACD-A470-8D5F9CBE7A14}
		{83603987-0B95-4440-8371-649717DAD6F6} = {83603987-0B95-4440-8371-649717DAD6F6}
		{05E9808B-83D9-42DC-82D0-DBF724788ECF} = {05E9808B-83D9-42DC-82D0-DBF724788ECF}
		{62C16A9F-9D91-4FC4-8028-0775AD0A9AB0} = {62C16A9F-9D91-4FC4-8028-0775AD0A9AB0}
		{72CCA7C0-6FDD-49AE-8EF8-A2585E232B41} = {72CCA7C0-6FDD-49AE-8EF8-A2585E232B41}
		{C92E73E2-EFC9-44BF-B747-C50CB4EEC02A} = {C92E73E2-EFC9-44BF-B747-C50CB4EEC02A}
	EndProjectSection
EndProject
Project("{8BC9CEB8-8B4A-11D0-8D11-00A0C91BC942}") = "displayObj", "utilities\displayObj\displayObj.vcxproj", "{42CEB485-1F0C-4983-BEDA-45069BF6A00D}"
	ProjectSection(ProjectDependencies) = postProject
		{24E97226-B246-4EE1-B2F2-A9C42DBF2307} = {24E97226-B246-4EE1-B2F2-A9C42DBF2307}
		{6539503C-2F71-417C-9478-EF96235A2987} = {6539503C-2F71-417C-9478-EF96235A2987}
		{5FE64071-4FBA-4BC5-9CE3-19723ECB4118} = {5FE64071-4FBA-4BC5-9CE3-19723ECB4118}
		{A3C67671-673B-4C5C-9D7D-779387EB4E78} = {A3C67671-673B-4C5C-9D7D-779387EB4E78}
		{83603987-0B95-4440-8371-649717DAD6F6} = {83603987-0B95-4440-8371-649717DAD6F6}
		{05E9808B-83D9-42DC-82D0-DBF724788ECF} = {05E9808B-83D9-42DC-82D0-DBF724788ECF}
		{62C16A9F-9D91-4FC4-8028-0775AD0A9AB0} = {62C16A9F-9D91-4FC4-8028-0775AD0A9AB0}
		{709EE0B2-BD2D-4C47-9F6A-339EF8F02AC2} = {709EE0B2-BD2D-4C47-9F6A-339EF8F02AC2}
		{788554BA-3DCF-43BB-804B-E7C06719FD93} = {788554BA-3DCF-43BB-804B-E7C06719FD93}
		{19E191C9-FA41-4D2B-B20B-C2138BACE099} = {19E191C9-FA41-4D2B-B20B-C2138BACE099}
		{C92E73E2-EFC9-44BF-B747-C50CB4EEC02A} = {C92E73E2-EFC9-44BF-B747-C50CB4EEC02A}
		{EFB2ACFD-A615-4FBD-9B55-8B0F29F64960} = {EFB2ACFD-A615-4FBD-9B55-8B0F29F64960}
	EndProjectSection
EndProject
Project("{8BC9CEB8-8B4A-11D0-8D11-00A0C91BC942}") = "isosurfaceMesher", "utilities\isosurfaceMesher\isosurfaceMesher.vcxproj", "{196E1F0C-804B-4D69-BC04-5E7E64D50325}"
	ProjectSection(ProjectDependencies) = postProject
		{A5D43704-8284-4D8C-8808-622D3C0F284C} = {A5D43704-8284-4D8C-8808-622D3C0F284C}
		{0D9C3221-CA71-4AE2-A0D3-00C09D7FB4A5} = {0D9C3221-CA71-4AE2-A0D3-00C09D7FB4A5}
		{6539503C-2F71-417C-9478-EF96235A2987} = {6539503C-2F71-417C-9478-EF96235A2987}
		{C345C942-3F8C-4552-B953-31B85C06F6CD} = {C345C942-3F8C-4552-B953-31B85C06F6CD}
		{D725B94B-2015-4BD6-976D-E087887ECC22} = {D725B94B-2015-4BD6-976D-E087887ECC22}
		{F11E5C6D-25C1-4ACD-A470-8D5F9CBE7A14} = {F11E5C6D-25C1-4ACD-A470-8D5F9CBE7A14}
		{83603987-0B95-4440-8371-649717DAD6F6} = {83603987-0B95-4440-8371-649717DAD6F6}
		{05E9808B-83D9-42DC-82D0-DBF724788ECF} = {05E9808B-83D9-42DC-82D0-DBF724788ECF}
		{62C16A9F-9D91-4FC4-8028-0775AD0A9AB0} = {62C16A9F-9D91-4FC4-8028-0775AD0A9AB0}
		{72CCA7C0-6FDD-49AE-8EF8-A2585E232B41} = {72CCA7C0-6FDD-49AE-8EF8-A2585E232B41}
		{DF1515D5-1AD1-44C8-870F-99B67BD4AC78} = {DF1515D5-1AD1-44C8-870F-99B67BD4AC78}
		{C92E73E2-EFC9-44BF-B747-C50CB4EEC02A} = {C92E73E2-EFC9-44BF-B747-C50CB4EEC02A}
	EndProjectSection
EndProject
Project("{8BC9CEB8-8B4A-11D0-8D11-00A0C91BC942}") = "tetMesher", "utilities\tetMesher\tetMesher.vcxproj", "{0202DFA6-F784-4C96-AAF2-ECAC4D67717F}"
	ProjectSection(ProjectDependencies) = postProject
		{0D9C3221-CA71-4AE2-A0D3-00C09D7FB4A5} = {0D9C3221-CA71-4AE2-A0D3-00C09D7FB4A5}
		{6539503C-2F71-417C-9478-EF96235A2987} = {6539503C-2F71-417C-9478-EF96235A2987}
		{D725B94B-2015-4BD6-976D-E087887ECC22} = {D725B94B-2015-4BD6-976D-E087887ECC22}
		{83603987-0B95-4440-8371-649717DAD6F6} = {83603987-0B95-4440-8371-649717DAD6F6}
		{05E9808B-83D9-42DC-82D0-DBF724788ECF} = {05E9808B-83D9-42DC-82D0-DBF724788ECF}
		{DF1515D5-1AD1-44C8-870F-99B67BD4AC78} = {DF1515D5-1AD1-44C8-870F-99B67BD4AC78}
		{C92E73E2-EFC9-44BF-B747-C50CB4EEC02A} = {C92E73E2-EFC9-44BF-B747-C50CB4EEC02A}
	EndProjectSection
EndProject
Project("{8BC9CEB8-8B4A-11D0-8D11-00A0C91BC942}") = "stencilForceModel", "libraries\stencilForceModel\stencilForceModel.vcxproj", "{FAAC50F8-5354-47AA-B556-DD1BFB994D1F}"
EndProject
Global
	GlobalSection(SolutionConfigurationPlatforms) = preSolution
		Debug|x64 = Debug|x64
		Debug|x86 = Debug|x86
		Release|x64 = Release|x64
		Release|x86 = Release|x86
	EndGlobalSection
	GlobalSection(ProjectConfigurationPlatforms) = postSolution
		{05E9808B-83D9-42DC-82D0-DBF724788ECF}.Debug|x64.ActiveCfg = Debug|x64
		{05E9808B-83D9-42DC-82D0-DBF724788ECF}.Debug|x64.Build.0 = Debug|x64
		{05E9808B-83D9-42DC-82D0-DBF724788ECF}.Debug|x86.ActiveCfg = Debug|x64
		{05E9808B-83D9-42DC-82D0-DBF724788ECF}.Release|x64.ActiveCfg = Release|x64
		{05E9808B-83D9-42DC-82D0-DBF724788ECF}.Release|x64.Build.0 = Release|x64
		{05E9808B-83D9-42DC-82D0-DBF724788ECF}.Release|x86.ActiveCfg = Release|x64
		{FC3DB108-4F5E-4778-BC9B-45C60FAACD53}.Debug|x64.ActiveCfg = Debug|x64
		{FC3DB108-4F5E-4778-BC9B-45C60FAACD53}.Debug|x64.Build.0 = Debug|x64
		{FC3DB108-4F5E-4778-BC9B-45C60FAACD53}.Debug|x86.ActiveCfg = Debug|x64
		{FC3DB108-4F5E-4778-BC9B-45C60FAACD53}.Release|x64.ActiveCfg = Release|x64
		{FC3DB108-4F5E-4778-BC9B-45C60FAACD53}.Release|x64.Build.0 = Release|x64
		{FC3DB108-4F5E-4778-BC9B-45C60FAACD53}.Release|x86.ActiveCfg = Release|x64
		{A3C67671-673B-4C5C-9D7D-779387EB4E78}.Debug|x64.ActiveCfg = Debug|x64
		{A3C67671-673B-4C5C-9D7D-779387EB4E78}.Debug|x64.Build.0 = Debug|x64
		{A3C67671-673B-4C5C-9D7D-779387EB4E78}.Debug|x86.ActiveCfg = Debug|x64
		{A3C67671-673B-4C5C-9D7D-779387EB4E78}.Release|x64.ActiveCfg = Release|x64
		{A3C67671-673B-4C5C-9D7D-779387EB4E78}.Release|x64.Build.0 = Release|x64
		{A3C67671-673B-4C5C-9D7D-779387EB4E78}.Release|x86.ActiveCfg = Release|x64
		{38F8A4A9-60F3-4C36-B07E-051D3139F546}.Debug|x64.ActiveCfg = Debug|x64
		{38F8A4A9-60F3-4C36-B07E-051D3139F546}.Debug|x64.Build.0 = Debug|x64
		{38F8A4A9-60F3-4C36-B07E-051D3139F546}.Debug|x86.ActiveCfg = Debug|x64
		{38F8A4A9-60F3-4C36-B07E-051D3139F546}.Release|x64.ActiveCfg = Release|x64
		{38F8A4A9-60F3-4C36-B07E-051D3139F546}.Release|x64.Build.0 = Release|x64
		{38F8A4A9-60F3-4C36-B07E-051D3139F546}.Release|x86.ActiveCfg = Release|x64
		{788554BA-3DCF-43BB-804B-E7C06719FD93}.Debug|x64.ActiveCfg = Debug|x64
		{788554BA-3DCF-43BB-804B-E7C06719FD93}.Debug|x64.Build.0 = Debug|x64
		{788554BA-3DCF-43BB-804B-E7C06719FD93}.Debug|x86.ActiveCfg = Debug|x64
		{788554BA-3DCF-43BB-804B-E7C06719FD93}.Release|x64.ActiveCfg = Release|x64
		{788554BA-3DCF-43BB-804B-E7C06719FD93}.Release|x64.Build.0 = Release|x64
		{788554BA-3DCF-43BB-804B-E7C06719FD93}.Release|x86.ActiveCfg = Release|x64
		{C345C942-3F8C-4552-B953-31B85C06F6CD}.Debug|x64.ActiveCfg = Debug|x64
		{C345C942-3F8C-4552-B953-31B85C06F6CD}.Debug|x64.Build.0 = Debug|x64
		{C345C942-3F8C-4552-B953-31B85C06F6CD}.Debug|x86.ActiveCfg = Debug|x64
		{C345C942-3F8C-4552-B953-31B85C06F6CD}.Release|x64.ActiveCfg = Release|x64
		{C345C942-3F8C-4552-B953-31B85C06F6CD}.Release|x64.Build.0 = Release|x64
		{C345C942-3F8C-4552-B953-31B85C06F6CD}.Release|x86.ActiveCfg = Release|x64
		{77EF3AED-CA4B-4DFB-93BB-558F677B2B14}.Debug|x64.ActiveCfg = Debug|x64
		{77EF3AED-CA4B-4DFB-93BB-558F677B2B14}.Debug|x64.Build.0 = Debug|x64
		{77EF3AED-CA4B-4DFB-93BB-558F677B2B14}.Debug|x86.ActiveCfg = Debug|x64
		{77EF3AED-CA4B-4DFB-93BB-558F677B2B14}.Release|x64.ActiveCfg = Release|x64
		{77EF3AED-CA4B-4DFB-93BB-558F677B2B14}.Release|x64.Build.0 = Release|x64
		{77EF3AED-CA4B-4DFB-93BB-558F677B2B14}.Release|x86.ActiveCfg = Release|x64
		{A5D43704-8284-4D8C-8808-622D3C0F284C}.Debug|x64.ActiveCfg = Debug|x64
		{A5D43704-8284-4D8C-8808-622D3C0F284C}.Debug|x64.Build.0 = Debug|x64
		{A5D43704-8284-4D8C-8808-622D3C0F284C}.Debug|x86.ActiveCfg = Debug|x64
		{A5D43704-8284-4D8C-8808-622D3C0F284C}.Release|x64.ActiveCfg = Release|x64
		{A5D43704-8284-4D8C-8808-622D3C0F284C}.Release|x64.Build.0 = Release|x64
		{A5D43704-8284-4D8C-8808-622D3C0F284C}.Release|x86.ActiveCfg = Release|x64
		{AC1AAA48-16F1-41B6-AEFB-21CACB11057E}.Debug|x64.ActiveCfg = Debug|x64
		{AC1AAA48-16F1-41B6-AEFB-21CACB11057E}.Debug|x64.Build.0 = Debug|x64
		{AC1AAA48-16F1-41B6-AEFB-21CACB11057E}.Debug|x86.ActiveCfg = Debug|x64
		{AC1AAA48-16F1-41B6-AEFB-21CACB11057E}.Release|x64.ActiveCfg = Release|x64
		{AC1AAA48-16F1-41B6-AEFB-21CACB11057E}.Release|x64.Build.0 = Release|x64
		{AC1AAA48-16F1-41B6-AEFB-21CACB11057E}.Release|x86.ActiveCfg = Release|x64
		{6539503C-2F71-417C-9478-EF96235A2987}.Debug|x64.ActiveCfg = Debug|x64
		{6539503C-2F71-417C-9478-EF96235A2987}.Debug|x64.Build.0 = Debug|x64
		{6539503C-2F71-417C-9478-EF96235A2987}.Debug|x86.ActiveCfg = Debug|x64
		{6539503C-2F71-417C-9478-EF96235A2987}.Release|x64.ActiveCfg = Release|x64
		{6539503C-2F71-417C-9478-EF96235A2987}.Release|x64.Build.0 = Release|x64
		{6539503C-2F71-417C-9478-EF96235A2987}.Release|x86.ActiveCfg = Release|x64
		{5FE64071-4FBA-4BC5-9CE3-19723ECB4118}.Debug|x64.ActiveCfg = Debug|x64
		{5FE64071-4FBA-4BC5-9CE3-19723ECB4118}.Debug|x64.Build.0 = Debug|x64
		{5FE64071-4FBA-4BC5-9CE3-19723ECB4118}.Debug|x86.ActiveCfg = Debug|x64
		{5FE64071-4FBA-4BC5-9CE3-19723ECB4118}.Release|x64.ActiveCfg = Release|x64
		{5FE64071-4FBA-4BC5-9CE3-19723ECB4118}.Release|x64.Build.0 = Release|x64
		{5FE64071-4FBA-4BC5-9CE3-19723ECB4118}.Release|x86.ActiveCfg = Release|x64
		{72CCA7C0-6FDD-49AE-8EF8-A2585E232B41}.Debug|x64.ActiveCfg = Debug|x64
		{72CCA7C0-6FDD-49AE-8EF8-A2585E232B41}.Debug|x64.Build.0 = Debug|x64
		{72CCA7C0-6FDD-49AE-8EF8-A2585E232B41}.Debug|x86.ActiveCfg = Debug|x64
		{72CCA7C0-6FDD-49AE-8EF8-A2585E232B41}.Release|x64.ActiveCfg = Release|x64
		{72CCA7C0-6FDD-49AE-8EF8-A2585E232B41}.Release|x64.Build.0 = Release|x64
		{72CCA7C0-6FDD-49AE-8EF8-A2585E232B41}.Release|x86.ActiveCfg = Release|x64
		{5BDD3176-7492-4FAC-A17D-99B87C2D3565}.Debug|x64.ActiveCfg = Debug|x64
		{5BDD3176-7492-4FAC-A17D-99B87C2D3565}.Debug|x64.Build.0 = Debug|x64
		{5BDD3176-7492-4FAC-A17D-99B87C2D3565}.Debug|x86.ActiveCfg = Debug|x64
		{5BDD3176-7492-4FAC-A17D-99B87C2D3565}.Release|x64.ActiveCfg = Release|x64
		{5BDD3176-7492-4FAC-A17D-99B87C2D3565}.Release|x64.Build.0 = Release|x64
		{5BDD3176-7492-4FAC-A17D-99B87C2D3565}.Release|x86.ActiveCfg = Release|x64
		{709EE0B2-BD2D-4C47-9F6A-339EF8F02AC2}.Debug|x64.ActiveCfg = Debug|x64
		{709EE0B2-BD2D-4C47-9F6A-339EF8F02AC2}.Debug|x64.Build.0 = Debug|x64
		{709EE0B2-BD2D-4C47-9F6A-339EF8F02AC2}.Debug|x86.ActiveCfg = Debug|x64
		{709EE0B2-BD2D-4C47-9F6A-339EF8F02AC2}.Release|x64.ActiveCfg = Release|x64
		{709EE0B2-BD2D-4C47-9F6A-339EF8F02AC2}.Release|x64.Build.0 = Release|x64
		{709EE0B2-BD2D-4C47-9F6A-339EF8F02AC2}.Release|x86.ActiveCfg = Release|x64
		{AF2D9A67-D8EA-44B0-BFDE-A1D17A8EF8BA}.Debug|x64.ActiveCfg = Debug|x64
		{AF2D9A67-D8EA-44B0-BFDE-A1D17A8EF8BA}.Debug|x64.Build.0 = Debug|x64
		{AF2D9A67-D8EA-44B0-BFDE-A1D17A8EF8BA}.Debug|x86.ActiveCfg = Debug|x64
		{AF2D9A67-D8EA-44B0-BFDE-A1D17A8EF8BA}.Release|x64.ActiveCfg = Release|x64
		{AF2D9A67-D8EA-44B0-BFDE-A1D17A8EF8BA}.Release|x64.Build.0 = Release|x64
		{AF2D9A67-D8EA-44B0-BFDE-A1D17A8EF8BA}.Release|x86.ActiveCfg = Release|x64
		{E4287BDA-1B24-4DFA-A4EE-7B78D1CD4C61}.Debug|x64.ActiveCfg = Debug|x64
		{E4287BDA-1B24-4DFA-A4EE-7B78D1CD4C61}.Debug|x64.Build.0 = Debug|x64
		{E4287BDA-1B24-4DFA-A4EE-7B78D1CD4C61}.Debug|x86.ActiveCfg = Debug|x64
		{E4287BDA-1B24-4DFA-A4EE-7B78D1CD4C61}.Release|x64.ActiveCfg = Release|x64
		{E4287BDA-1B24-4DFA-A4EE-7B78D1CD4C61}.Release|x64.Build.0 = Release|x64
		{E4287BDA-1B24-4DFA-A4EE-7B78D1CD4C61}.Release|x86.ActiveCfg = Release|x64
		{4D83A86C-79FF-4487-8631-808A2A373286}.Debug|x64.ActiveCfg = Debug|x64
		{4D83A86C-79FF-4487-8631-808A2A373286}.Debug|x64.Build.0 = Debug|x64
		{4D83A86C-79FF-4487-8631-808A2A373286}.Debug|x86.ActiveCfg = Debug|x64
		{4D83A86C-79FF-4487-8631-808A2A373286}.Release|x64.ActiveCfg = Release|x64
		{4D83A86C-79FF-4487-8631-808A2A373286}.Release|x64.Build.0 = Release|x64
		{4D83A86C-79FF-4487-8631-808A2A373286}.Release|x86.ActiveCfg = Release|x64
		{DDB74DB4-BC9A-4DAA-9842-CDE3912836FF}.Debug|x64.ActiveCfg = Debug|x64
		{DDB74DB4-BC9A-4DAA-9842-CDE3912836FF}.Debug|x64.Build.0 = Debug|x64
		{DDB74DB4-BC9A-4DAA-9842-CDE3912836FF}.Debug|x86.ActiveCfg = Debug|x64
		{DDB74DB4-BC9A-4DAA-9842-CDE3912836FF}.Release|x64.ActiveCfg = Release|x64
		{DDB74DB4-BC9A-4DAA-9842-CDE3912836FF}.Release|x64.Build.0 = Release|x64
		{DDB74DB4-BC9A-4DAA-9842-CDE3912836FF}.Release|x86.ActiveCfg = Release|x64
		{EFB2ACFD-A615-4FBD-9B55-8B0F29F64960}.Debug|x64.ActiveCfg = Debug|x64
		{EFB2ACFD-A615-4FBD-9B55-8B0F29F64960}.Debug|x64.Build.0 = Debug|x64
		{EFB2ACFD-A615-4FBD-9B55-8B0F29F64960}.Debug|x86.ActiveCfg = Debug|x64
		{EFB2ACFD-A615-4FBD-9B55-8B0F29F64960}.Release|x64.ActiveCfg = Release|x64
		{EFB2ACFD-A615-4FBD-9B55-8B0F29F64960}.Release|x64.Build.0 = Release|x64
		{EFB2ACFD-A615-4FBD-9B55-8B0F29F64960}.Release|x86.ActiveCfg = Release|x64
		{19E191C9-FA41-4D2B-B20B-C2138BACE099}.Debug|x64.ActiveCfg = Debug|x64
		{19E191C9-FA41-4D2B-B20B-C2138BACE099}.Debug|x64.Build.0 = Debug|x64
		{19E191C9-FA41-4D2B-B20B-C2138BACE099}.Debug|x86.ActiveCfg = Debug|x64
		{19E191C9-FA41-4D2B-B20B-C2138BACE099}.Release|x64.ActiveCfg = Release|x64
		{19E191C9-FA41-4D2B-B20B-C2138BACE099}.Release|x64.Build.0 = Release|x64
		{19E191C9-FA41-4D2B-B20B-C2138BACE099}.Release|x86.ActiveCfg = Release|x64
		{8645B043-9650-4D1C-94E4-3641E4767F66}.Debug|x64.ActiveCfg = Debug|x64
		{8645B043-9650-4D1C-94E4-3641E4767F66}.Debug|x64.Build.0 = Debug|x64
		{8645B043-9650-4D1C-94E4-3641E4767F66}.Debug|x86.ActiveCfg = Debug|x64
		{8645B043-9650-4D1C-94E4-3641E4767F66}.Release|x64.ActiveCfg = Release|x64
		{8645B043-9650-4D1C-94E4-3641E4767F66}.Release|x64.Build.0 = Release|x64
		{8645B043-9650-4D1C-94E4-3641E4767F66}.Release|x86.ActiveCfg = Release|x64
		{62C16A9F-9D91-4FC4-8028-0775AD0A9AB0}.Debug|x64.ActiveCfg = Debug|x64
		{62C16A9F-9D91-4FC4-8028-0775AD0A9AB0}.Debug|x64.Build.0 = Debug|x64
		{62C16A9F-9D91-4FC4-8028-0775AD0A9AB0}.Debug|x86.ActiveCfg = Debug|x64
		{62C16A9F-9D91-4FC4-8028-0775AD0A9AB0}.Release|x64.ActiveCfg = Release|x64
		{62C16A9F-9D91-4FC4-8028-0775AD0A9AB0}.Release|x64.Build.0 = Release|x64
		{62C16A9F-9D91-4FC4-8028-0775AD0A9AB0}.Release|x86.ActiveCfg = Release|x64
		{83603987-0B95-4440-8371-649717DAD6F6}.Debug|x64.ActiveCfg = Debug|x64
		{83603987-0B95-4440-8371-649717DAD6F6}.Debug|x64.Build.0 = Debug|x64
		{83603987-0B95-4440-8371-649717DAD6F6}.Debug|x86.ActiveCfg = Debug|x64
		{83603987-0B95-4440-8371-649717DAD6F6}.Release|x64.ActiveCfg = Release|x64
		{83603987-0B95-4440-8371-649717DAD6F6}.Release|x64.Build.0 = Release|x64
		{83603987-0B95-4440-8371-649717DAD6F6}.Release|x86.ActiveCfg = Release|x64
		{DF1515D5-1AD1-44C8-870F-99B67BD4AC78}.Debug|x64.ActiveCfg = Debug|x64
		{DF1515D5-1AD1-44C8-870F-99B67BD4AC78}.Debug|x64.Build.0 = Debug|x64
		{DF1515D5-1AD1-44C8-870F-99B67BD4AC78}.Debug|x86.ActiveCfg = Debug|x64
		{DF1515D5-1AD1-44C8-870F-99B67BD4AC78}.Release|x64.ActiveCfg = Release|x64
		{DF1515D5-1AD1-44C8-870F-99B67BD4AC78}.Release|x64.Build.0 = Release|x64
		{DF1515D5-1AD1-44C8-870F-99B67BD4AC78}.Release|x86.ActiveCfg = Release|x64
		{C458C3DE-2732-4252-BDD9-615AC3F8727B}.Debug|x64.ActiveCfg = Debug|x64
		{C458C3DE-2732-4252-BDD9-615AC3F8727B}.Debug|x64.Build.0 = Debug|x64
		{C458C3DE-2732-4252-BDD9-615AC3F8727B}.Debug|x86.ActiveCfg = Debug|x64
		{C458C3DE-2732-4252-BDD9-615AC3F8727B}.Release|x64.ActiveCfg = Release|x64
		{C458C3DE-2732-4252-BDD9-615AC3F8727B}.Release|x64.Build.0 = Release|x64
		{C458C3DE-2732-4252-BDD9-615AC3F8727B}.Release|x86.ActiveCfg = Release|x64
		{C92E73E2-EFC9-44BF-B747-C50CB4EEC02A}.Debug|x64.ActiveCfg = Debug|x64
		{C92E73E2-EFC9-44BF-B747-C50CB4EEC02A}.Debug|x64.Build.0 = Debug|x64
		{C92E73E2-EFC9-44BF-B747-C50CB4EEC02A}.Debug|x86.ActiveCfg = Debug|x64
		{C92E73E2-EFC9-44BF-B747-C50CB4EEC02A}.Release|x64.ActiveCfg = Release|x64
		{C92E73E2-EFC9-44BF-B747-C50CB4EEC02A}.Release|x64.Build.0 = Release|x64
		{C92E73E2-EFC9-44BF-B747-C50CB4EEC02A}.Release|x86.ActiveCfg = Release|x64
		{24E97226-B246-4EE1-B2F2-A9C42DBF2307}.Debug|x64.ActiveCfg = Debug|x64
		{24E97226-B246-4EE1-B2F2-A9C42DBF2307}.Debug|x64.Build.0 = Debug|x64
		{24E97226-B246-4EE1-B2F2-A9C42DBF2307}.Debug|x86.ActiveCfg = Debug|x64
		{24E97226-B246-4EE1-B2F2-A9C42DBF2307}.Release|x64.ActiveCfg = Release|x64
		{24E97226-B246-4EE1-B2F2-A9C42DBF2307}.Release|x64.Build.0 = Release|x64
		{24E97226-B246-4EE1-B2F2-A9C42DBF2307}.Release|x86.ActiveCfg = Release|x64
		{94C169F9-606C-435C-B163-612CAE34CF24}.Debug|x64.ActiveCfg = Debug|x64
		{94C169F9-606C-435C-B163-612CAE34CF24}.Debug|x64.Build.0 = Debug|x64
		{94C169F9-606C-435C-B163-612CAE34CF24}.Debug|x86.ActiveCfg = Debug|x64
		{94C169F9-606C-435C-B163-612CAE34CF24}.Release|x64.ActiveCfg = Release|x64
		{94C169F9-606C-435C-B163-612CAE34CF24}.Release|x64.Build.0 = Release|x64
		{94C169F9-606C-435C-B163-612CAE34CF24}.Release|x86.ActiveCfg = Release|x64
		{11618AE1-00C2-4402-BD9C-BCCD7E99A456}.Debug|x64.ActiveCfg = Debug|x64
		{11618AE1-00C2-4402-BD9C-BCCD7E99A456}.Debug|x64.Build.0 = Debug|x64
		{11618AE1-00C2-4402-BD9C-BCCD7E99A456}.Debug|x86.ActiveCfg = Debug|x64
		{11618AE1-00C2-4402-BD9C-BCCD7E99A456}.Release|x64.ActiveCfg = Release|x64
		{11618AE1-00C2-4402-BD9C-BCCD7E99A456}.Release|x64.Build.0 = Release|x64
		{11618AE1-00C2-4402-BD9C-BCCD7E99A456}.Release|x86.ActiveCfg = Release|x64
		{A9442D9D-83DC-4E4B-8EAB-484EC2EA7269}.Debug|x64.ActiveCfg = Debug|x64
		{A9442D9D-83DC-4E4B-8EAB-484EC2EA7269}.Debug|x64.Build.0 = Debug|x64
		{A9442D9D-83DC-4E4B-8EAB-484EC2EA7269}.Debug|x86.ActiveCfg = Debug|x64
		{A9442D9D-83DC-4E4B-8EAB-484EC2EA7269}.Release|x64.ActiveCfg = Release|x64
		{A9442D9D-83DC-4E4B-8EAB-484EC2EA7269}.Release|x64.Build.0 = Release|x64
		{A9442D9D-83DC-4E4B-8EAB-484EC2EA7269}.Release|x86.ActiveCfg = Release|x64
		{4A099303-A03B-4F6B-8648-B2A7927EA2E0}.Debug|x64.ActiveCfg = Debug|x64
		{4A099303-A03B-4F6B-8648-B2A7927EA2E0}.Debug|x64.Build.0 = Debug|x64
		{4A099303-A03B-4F6B-8648-B2A7927EA2E0}.Debug|x86.ActiveCfg = Debug|x64
		{4A099303-A03B-4F6B-8648-B2A7927EA2E0}.Release|x64.ActiveCfg = Release|x64
		{4A099303-A03B-4F6B-8648-B2A7927EA2E0}.Release|x64.Build.0 = Release|x64
		{4A099303-A03B-4F6B-8648-B2A7927EA2E0}.Release|x86.ActiveCfg = Release|x64
		{195234E6-B84C-4728-8852-A67B3A562827}.Debug|x64.ActiveCfg = Debug|x64
		{195234E6-B84C-4728-8852-A67B3A562827}.Debug|x64.Build.0 = Debug|x64
		{195234E6-B84C-4728-8852-A67B3A562827}.Debug|x86.ActiveCfg = Debug|x64
		{195234E6-B84C-4728-8852-A67B3A562827}.Release|x64.ActiveCfg = Release|x64
		{195234E6-B84C-4728-8852-A67B3A562827}.Release|x64.Build.0 = Release|x64
		{195234E6-B84C-4728-8852-A67B3A562827}.Release|x86.ActiveCfg = Release|x64
		{3268754A-A6F3-442A-A5FB-E51952DBCFC6}.Debug|x64.ActiveCfg = Debug|x64
		{3268754A-A6F3-442A-A5FB-E51952DBCFC6}.Debug|x64.Build.0 = Debug|x64
		{3268754A-A6F3-442A-A5FB-E51952DBCFC6}.Debug|x86.ActiveCfg = Debug|x64
		{3268754A-A6F3-442A-A5FB-E51952DBCFC6}.Release|x64.ActiveCfg = Release|x64
		{3268754A-A6F3-442A-A5FB-E51952DBCFC6}.Release|x64.Build.0 = Release|x64
		{3268754A-A6F3-442A-A5FB-E51952DBCFC6}.Release|x86.ActiveCfg = Release|x64
		{F11E5C6D-25C1-4ACD-A470-8D5F9CBE7A14}.Debug|x64.ActiveCfg = Debug|x64
		{F11E5C6D-25C1-4ACD-A470-8D5F9CBE7A14}.Debug|x64.Build.0 = Debug|x64
		{F11E5C6D-25C1-4ACD-A470-8D5F9CBE7A14}.Debug|x86.ActiveCfg = Debug|x64
		{F11E5C6D-25C1-4ACD-A470-8D5F9CBE7A14}.Release|x64.ActiveCfg = Release|x64
		{F11E5C6D-25C1-4ACD-A470-8D5F9CBE7A14}.Release|x64.Build.0 = Release|x64
		{F11E5C6D-25C1-4ACD-A470-8D5F9CBE7A14}.Release|x86.ActiveCfg = Release|x64
		{BA72BD5E-45EB-4EEC-9CA3-E7CA3C476105}.Debug|x64.ActiveCfg = Debug|x64
		{BA72BD5E-45EB-4EEC-9CA3-E7CA3C476105}.Debug|x64.Build.0 = Debug|x64
		{BA72BD5E-45EB-4EEC-9CA3-E7CA3C476105}.Debug|x86.ActiveCfg = Debug|x64
		{BA72BD5E-45EB-4EEC-9CA3-E7CA3C476105}.Release|x64.ActiveCfg = Release|x64
		{BA72BD5E-45EB-4EEC-9CA3-E7CA3C476105}.Release|x64.Build.0 = Release|x64
		{BA72BD5E-45EB-4EEC-9CA3-E7CA3C476105}.Release|x86.ActiveCfg = Release|x64
		{7086002D-617F-416B-A1AB-844CA45DB116}.Debug|x64.ActiveCfg = Debug|x64
		{7086002D-617F-416B-A1AB-844CA45DB116}.Debug|x64.Build.0 = Debug|x64
		{7086002D-617F-416B-A1AB-844CA45DB116}.Debug|x86.ActiveCfg = Debug|x64
		{7086002D-617F-416B-A1AB-844CA45DB116}.Release|x64.ActiveCfg = Release|x64
		{7086002D-617F-416B-A1AB-844CA45DB116}.Release|x64.Build.0 = Release|x64
		{7086002D-617F-416B-A1AB-844CA45DB116}.Release|x86.ActiveCfg = Release|x64
		{D725B94B-2015-4BD6-976D-E087887ECC22}.Debug|x64.ActiveCfg = Debug|x64
		{D725B94B-2015-4BD6-976D-E087887ECC22}.Debug|x64.Build.0 = Debug|x64
		{D725B94B-2015-4BD6-976D-E087887ECC22}.Debug|x86.ActiveCfg = Debug|x64
		{D725B94B-2015-4BD6-976D-E087887ECC22}.Release|x64.ActiveCfg = Release|x64
		{D725B94B-2015-4BD6-976D-E087887ECC22}.Release|x64.Build.0 = Release|x64
		{D725B94B-2015-4BD6-976D-E087887ECC22}.Release|x86.ActiveCfg = Release|x64
		{0D9C3221-CA71-4AE2-A0D3-00C09D7FB4A5}.Debug|x64.ActiveCfg = Debug|x64
		{0D9C3221-CA71-4AE2-A0D3-00C09D7FB4A5}.Debug|x64.Build.0 = Debug|x64
		{0D9C3221-CA71-4AE2-A0D3-00C09D7FB4A5}.Debug|x86.ActiveCfg = Debug|x64
		{0D9C3221-CA71-4AE2-A0D3-00C09D7FB4A5}.Release|x64.ActiveCfg = Release|x64
		{0D9C3221-CA71-4AE2-A0D3-00C09D7FB4A5}.Release|x64.Build.0 = Release|x64
		{0D9C3221-CA71-4AE2-A0D3-00C09D7FB4A5}.Release|x86.ActiveCfg = Release|x64
		{FD93A162-DB6D-4F01-87E8-76FA3B6EA342}.Debug|x64.ActiveCfg = Debug|x64
		{FD93A162-DB6D-4F01-87E8-76FA3B6EA342}.Debug|x64.Build.0 = Debug|x64
		{FD93A162-DB6D-4F01-87E8-76FA3B6EA342}.Debug|x86.ActiveCfg = Debug|x64
		{FD93A162-DB6D-4F01-87E8-76FA3B6EA342}.Release|x64.ActiveCfg = Release|x64
		{FD93A162-DB6D-4F01-87E8-76FA3B6EA342}.Release|x64.Build.0 = Release|x64
		{FD93A162-DB6D-4F01-87E8-76FA3B6EA342}.Release|x86.ActiveCfg = Release|x64
		{D90D415A-889C-4AAF-B4BA-BC203C5EC938}.Debug|x64.ActiveCfg = Debug|x64
		{D90D415A-889C-4AAF-B4BA-BC203C5EC938}.Debug|x64.Build.0 = Debug|x64
		{D90D415A-889C-4AAF-B4BA-BC203C5EC938}.Debug|x86.ActiveCfg = Debug|x64
		{D90D415A-889C-4AAF-B4BA-BC203C5EC938}.Release|x64.ActiveCfg = Release|x64
		{D90D415A-889C-4AAF-B4BA-BC203C5EC938}.Release|x64.Build.0 = Release|x64
		{D90D415A-889C-4AAF-B4BA-BC203C5EC938}.Release|x86.ActiveCfg = Release|x64
		{126788A8-60FE-450F-9BCB-50F504556FE1}.Debug|x64.ActiveCfg = Debug|x64
		{126788A8-60FE-450F-9BCB-50F504556FE1}.Debug|x64.Build.0 = Debug|x64
		{126788A8-60FE-450F-9BCB-50F504556FE1}.Debug|x86.ActiveCfg = Debug|x64
		{126788A8-60FE-450F-9BCB-50F504556FE1}.Release|x64.ActiveCfg = Release|x64
		{126788A8-60FE-450F-9BCB-50F504556FE1}.Release|x64.Build.0 = Release|x64
		{126788A8-60FE-450F-9BCB-50F504556FE1}.Release|x86.ActiveCfg = Release|x64
		{42CEB485-1F0C-4983-BEDA-45069BF6A00D}.Debug|x64.ActiveCfg = Debug|x64
		{42CEB485-1F0C-4983-BEDA-45069BF6A00D}.Debug|x64.Build.0 = Debug|x64
		{42CEB485-1F0C-4983-BEDA-45069BF6A00D}.Debug|x86.ActiveCfg = Debug|x64
		{42CEB485-1F0C-4983-BEDA-45069BF6A00D}.Release|x64.ActiveCfg = Release|x64
		{42CEB485-1F0C-4983-BEDA-45069BF6A00D}.Release|x64.Build.0 = Release|x64
		{42CEB485-1F0C-4983-BEDA-45069BF6A00D}.Release|x86.ActiveCfg = Release|x64
		{196E1F0C-804B-4D69-BC04-5E7E64D50325}.Debug|x64.ActiveCfg = Debug|x64
		{196E1F0C-804B-4D69-BC04-5E7E64D50325}.Debug|x64.Build.0 = Debug|x64
		{196E1F0C-804B-4D69-BC04-5E7E64D50325}.Debug|x86.ActiveCfg = Debug|x64
		{196E1F0C-804B-4D69-BC04-5E7E64D50325}.Release|x64.ActiveCfg = Release|x64
		{196E1F0C-804B-4D69-BC04-5E7E64D50325}.Release|x64.Build.0 = Release|x64
		{196E1F0C-804B-4D69-BC04-5E7E64D50325}.Release|x86.ActiveCfg = Release|x64
		{0202DFA6-F784-4C96-AAF2-ECAC4D67717F}.Debug|x64.ActiveCfg = Debug|x64
		{0202DFA6-F784-4C96-AAF2-ECAC4D67717F}.Debug|x64.Build.0 = Debug|x64
		{0202DFA6-F784-4C96-AAF2-ECAC4D67717F}.Debug|x86.ActiveCfg = Debug|x64
		{0202DFA6-F784-4C96-AAF2-ECAC4D67717F}.Release|x64.ActiveCfg = Release|x64
		{0202DFA6-F784-4C96-AAF2-ECAC4D67717F}.Release|x64.Build.0 = Release|x64
		{0202DFA6-F784-4C96-AAF2-ECAC4D67717F}.Release|x86.ActiveCfg = Release|x64
		{FAAC50F8-5354-47AA-B556-DD1BFB994D1F}.Debug|x64.ActiveCfg = Debug|x64
		{FAAC50F8-5354-47AA-B556-DD1BFB994D1F}.Debug|x64.Build.0 = Debug|x64
		{FAAC50F8-5354-47AA-B556-DD1BFB994D1F}.Debug|x86.ActiveCfg = Debug|x64
		{FAAC50F8-5354-47AA-B556-DD1BFB994D1F}.Release|x64.ActiveCfg = Release|x64
		{FAAC50F8-5354-47AA-B556-DD1BFB994D1F}.Release|x64.Build.0 = Release|x64
		{FAAC50F8-5354-47AA-B556-DD1BFB994D1F}.Release|x86.ActiveCfg = Release|x64
	EndGlobalSection
	GlobalSection(SolutionProperties) = preSolution
		HideSolutionNode = FALSE
	EndGlobalSection
	GlobalSection(NestedProjects) = preSolution
		{05E9808B-83D9-42DC-82D0-DBF724788ECF} = {3AF59C8A-18A6-44A4-B031-7B496493C8BC}
		{FC3DB108-4F5E-4778-BC9B-45C60FAACD53} = {3AF59C8A-18A6-44A4-B031-7B496493C8BC}
		{A3C67671-673B-4C5C-9D7D-779387EB4E78} = {3AF59C8A-18A6-44A4-B031-7B496493C8BC}
		{38F8A4A9-60F3-4C36-B07E-051D3139F546} = {3AF59C8A-18A6-44A4-B031-7B496493C8BC}
		{788554BA-3DCF-43BB-804B-E7C06719FD93} = {3AF59C8A-18A6-44A4-B031-7B496493C8BC}
		{C345C942-3F8C-4552-B953-31B85C06F6CD} = {3AF59C8A-18A6-44A4-B031-7B496493C8BC}
		{77EF3AED-CA4B-4DFB-93BB-558F677B2B14} = {3AF59C8A-18A6-44A4-B031-7B496493C8BC}
		{A5D43704-8284-4D8C-8808-622D3C0F284C} = {3AF59C8A-18A6-44A4-B031-7B496493C8BC}
		{AC1AAA48-16F1-41B6-AEFB-21CACB11057E} = {3AF59C8A-18A6-44A4-B031-7B496493C8BC}
		{6539503C-2F71-417C-9478-EF96235A2987} = {3AF59C8A-18A6-44A4-B031-7B496493C8BC}
		{5FE64071-4FBA-4BC5-9CE3-19723ECB4118} = {3AF59C8A-18A6-44A4-B031-7B496493C8BC}
		{72CCA7C0-6FDD-49AE-8EF8-A2585E232B41} = {3AF59C8A-18A6-44A4-B031-7B496493C8BC}
		{5BDD3176-7492-4FAC-A17D-99B87C2D3565} = {3AF59C8A-18A6-44A4-B031-7B496493C8BC}
		{709EE0B2-BD2D-4C47-9F6A-339EF8F02AC2} = {3AF59C8A-18A6-44A4-B031-7B496493C8BC}
		{AF2D9A67-D8EA-44B0-BFDE-A1D17A8EF8BA} = {3AF59C8A-18A6-44A4-B031-7B496493C8BC}
		{E4287BDA-1B24-4DFA-A4EE-7B78D1CD4C61} = {3AF59C8A-18A6-44A4-B031-7B496493C8BC}
		{4D83A86C-79FF-4487-8631-808A2A373286} = {3AF59C8A-18A6-44A4-B031-7B496493C8BC}
		{DDB74DB4-BC9A-4DAA-9842-CDE3912836FF} = {3AF59C8A-18A6-44A4-B031-7B496493C8BC}
		{EFB2ACFD-A615-4FBD-9B55-8B0F29F64960} = {3AF59C8A-18A6-44A4-B031-7B496493C8BC}
		{19E191C9-FA41-4D2B-B20B-C2138BACE099} = {3AF59C8A-18A6-44A4-B031-7B496493C8BC}
		{8645B043-9650-4D1C-94E4-3641E4767F66} = {3AF59C8A-18A6-44A4-B031-7B496493C8BC}
		{62C16A9F-9D91-4FC4-8028-0775AD0A9AB0} = {3AF59C8A-18A6-44A4-B031-7B496493C8BC}
		{83603987-0B95-4440-8371-649717DAD6F6} = {3AF59C8A-18A6-44A4-B031-7B496493C8BC}
		{DF1515D5-1AD1-44C8-870F-99B67BD4AC78} = {3AF59C8A-18A6-44A4-B031-7B496493C8BC}
		{C458C3DE-2732-4252-BDD9-615AC3F8727B} = {3AF59C8A-18A6-44A4-B031-7B496493C8BC}
		{C92E73E2-EFC9-44BF-B747-C50CB4EEC02A} = {3AF59C8A-18A6-44A4-B031-7B496493C8BC}
		{24E97226-B246-4EE1-B2F2-A9C42DBF2307} = {3AF59C8A-18A6-44A4-B031-7B496493C8BC}
		{94C169F9-606C-435C-B163-612CAE34CF24} = {3AF59C8A-18A6-44A4-B031-7B496493C8BC}
		{11618AE1-00C2-4402-BD9C-BCCD7E99A456} = {3AF59C8A-18A6-44A4-B031-7B496493C8BC}
		{A9442D9D-83DC-4E4B-8EAB-484EC2EA7269} = {3AF59C8A-18A6-44A4-B031-7B496493C8BC}
		{4A099303-A03B-4F6B-8648-B2A7927EA2E0} = {3AF59C8A-18A6-44A4-B031-7B496493C8BC}
		{195234E6-B84C-4728-8852-A67B3A562827} = {3AF59C8A-18A6-44A4-B031-7B496493C8BC}
		{3268754A-A6F3-442A-A5FB-E51952DBCFC6} = {3AF59C8A-18A6-44A4-B031-7B496493C8BC}
		{F11E5C6D-25C1-4ACD-A470-8D5F9CBE7A14} = {3AF59C8A-18A6-44A4-B031-7B496493C8BC}
		{BA72BD5E-45EB-4EEC-9CA3-E7CA3C476105} = {3AF59C8A-18A6-44A4-B031-7B496493C8BC}
		{7086002D-617F-416B-A1AB-844CA45DB116} = {3AF59C8A-18A6-44A4-B031-7B496493C8BC}
		{D725B94B-2015-4BD6-976D-E087887ECC22} = {3AF59C8A-18A6-44A4-B031-7B496493C8BC}
		{0D9C3221-CA71-4AE2-A0D3-00C09D7FB4A5} = {3AF59C8A-18A6-44A4-B031-7B496493C8BC}
		{FD93A162-DB6D-4F01-87E8-76FA3B6EA342} = {80A490F9-B062-4D56-BE90-1C62B0DF0424}
		{D90D415A-889C-4AAF-B4BA-BC203C5EC938} = {80A490F9-B062-4D56-BE90-1C62B0DF0424}
		{126788A8-60FE-450F-9BCB-50F504556FE1} = {80A490F9-B062-4D56-BE90-1C62B0DF0424}
		{42CEB485-1F0C-4983-BEDA-45069BF6A00D} = {80A490F9-B062-4D56-BE90-1C62B0DF0424}
		{196E1F0C-804B-4D69-BC04-5E7E64D50325} = {80A490F9-B062-4D56-BE90-1C62B0DF0424}
		{0202DFA6-F784-4C96-AAF2-ECAC4D67717F} = {80A490F9-B062-4D56-BE90-1C62B0DF0424}
		{FAAC50F8-5354-47AA-B556-DD1BFB994D1F} = {3AF59C8A-18A6-44A4-B031-7B496493C8BC}
	EndGlobalSection
EndGlobal
